// !$*UTF8*$!
{
	archiveVersion = 1;
	classes = {
	};
	objectVersion = 46;
	objects = {

/* Begin PBXBuildFile section */
		3218F8D8141A084000002957 /* ASIHTTPRequestConfig.h in Headers */ = {isa = PBXBuildFile; fileRef = 3218F8C4141A084000002957 /* ASIHTTPRequestConfig.h */; settings = {ATTRIBUTES = (Public, ); }; };
		3218F8D9141A084000002957 /* ASICacheDelegate.h in Headers */ = {isa = PBXBuildFile; fileRef = 3218F8C5141A084000002957 /* ASICacheDelegate.h */; settings = {ATTRIBUTES = (Public, ); }; };
		3218F8DA141A084000002957 /* ASIHTTPRequestDelegate.h in Headers */ = {isa = PBXBuildFile; fileRef = 3218F8C6141A084000002957 /* ASIHTTPRequestDelegate.h */; settings = {ATTRIBUTES = (Public, ); }; };
		3218F8DB141A084000002957 /* ASIProgressDelegate.h in Headers */ = {isa = PBXBuildFile; fileRef = 3218F8C7141A084000002957 /* ASIProgressDelegate.h */; settings = {ATTRIBUTES = (Public, ); }; };
		3218F8DC141A084000002957 /* ASIAuthenticationDialog.h in Headers */ = {isa = PBXBuildFile; fileRef = 3218F8C8141A084000002957 /* ASIAuthenticationDialog.h */; settings = {ATTRIBUTES = (Public, ); }; };
		3218F8DD141A084000002957 /* ASIAuthenticationDialog.m in Sources */ = {isa = PBXBuildFile; fileRef = 3218F8C9141A084000002957 /* ASIAuthenticationDialog.m */; };
		3218F8DE141A084000002957 /* ASIInputStream.h in Headers */ = {isa = PBXBuildFile; fileRef = 3218F8CA141A084000002957 /* ASIInputStream.h */; settings = {ATTRIBUTES = (Public, ); }; };
		3218F8DF141A084000002957 /* ASIInputStream.m in Sources */ = {isa = PBXBuildFile; fileRef = 3218F8CB141A084000002957 /* ASIInputStream.m */; };
		3218F8E0141A084000002957 /* ASIFormDataRequest.h in Headers */ = {isa = PBXBuildFile; fileRef = 3218F8CC141A084000002957 /* ASIFormDataRequest.h */; settings = {ATTRIBUTES = (Public, ); }; };
		3218F8E1141A084000002957 /* ASIFormDataRequest.m in Sources */ = {isa = PBXBuildFile; fileRef = 3218F8CD141A084000002957 /* ASIFormDataRequest.m */; };
		3218F8E2141A084000002957 /* ASIHTTPRequest.h in Headers */ = {isa = PBXBuildFile; fileRef = 3218F8CE141A084000002957 /* ASIHTTPRequest.h */; settings = {ATTRIBUTES = (Public, ); }; };
		3218F8E3141A084000002957 /* ASIHTTPRequest.m in Sources */ = {isa = PBXBuildFile; fileRef = 3218F8CF141A084000002957 /* ASIHTTPRequest.m */; };
		3218F8E4141A084000002957 /* ASINetworkQueue.h in Headers */ = {isa = PBXBuildFile; fileRef = 3218F8D0141A084000002957 /* ASINetworkQueue.h */; settings = {ATTRIBUTES = (Public, ); }; };
		3218F8E5141A084000002957 /* ASINetworkQueue.m in Sources */ = {isa = PBXBuildFile; fileRef = 3218F8D1141A084000002957 /* ASINetworkQueue.m */; };
		3218F8E6141A084000002957 /* ASIDownloadCache.h in Headers */ = {isa = PBXBuildFile; fileRef = 3218F8D2141A084000002957 /* ASIDownloadCache.h */; settings = {ATTRIBUTES = (Public, ); }; };
		3218F8E7141A084000002957 /* ASIDownloadCache.m in Sources */ = {isa = PBXBuildFile; fileRef = 3218F8D3141A084000002957 /* ASIDownloadCache.m */; };
		3218F8E8141A084000002957 /* ASIDataDecompressor.h in Headers */ = {isa = PBXBuildFile; fileRef = 3218F8D4141A084000002957 /* ASIDataDecompressor.h */; settings = {ATTRIBUTES = (Public, ); }; };
		3218F8E9141A084000002957 /* ASIDataDecompressor.m in Sources */ = {isa = PBXBuildFile; fileRef = 3218F8D5141A084000002957 /* ASIDataDecompressor.m */; };
		3218F8EA141A084000002957 /* ASIDataCompressor.h in Headers */ = {isa = PBXBuildFile; fileRef = 3218F8D6141A084000002957 /* ASIDataCompressor.h */; settings = {ATTRIBUTES = (Public, ); }; };
		3218F8EB141A084000002957 /* ASIDataCompressor.m in Sources */ = {isa = PBXBuildFile; fileRef = 3218F8D7141A084000002957 /* ASIDataCompressor.m */; };
		3218F8EF141A087D00002957 /* Reachability.h in Headers */ = {isa = PBXBuildFile; fileRef = 3218F8ED141A087D00002957 /* Reachability.h */; settings = {ATTRIBUTES = (Public, ); }; };
		3218F8F0141A087D00002957 /* Reachability.m in Sources */ = {isa = PBXBuildFile; fileRef = 3218F8EE141A087D00002957 /* Reachability.m */; };
		32939C12141A0711004792C8 /* Foundation.framework in Frameworks */ = {isa = PBXBuildFile; fileRef = 32939C11141A0711004792C8 /* Foundation.framework */; };
		32939C18141A0711004792C8 /* InfoPlist.strings in Resources */ = {isa = PBXBuildFile; fileRef = 32939C16141A0711004792C8 /* InfoPlist.strings */; };
/* End PBXBuildFile section */

/* Begin PBXFileReference section */
		3218F8C4141A084000002957 /* ASIHTTPRequestConfig.h */ = {isa = PBXFileReference; fileEncoding = 4; lastKnownFileType = sourcecode.c.h; name = ASIHTTPRequestConfig.h; path = ../../Classes/ASIHTTPRequestConfig.h; sourceTree = "<group>"; };
		3218F8C5141A084000002957 /* ASICacheDelegate.h */ = {isa = PBXFileReference; fileEncoding = 4; lastKnownFileType = sourcecode.c.h; name = ASICacheDelegate.h; path = ../../Classes/ASICacheDelegate.h; sourceTree = "<group>"; };
		3218F8C6141A084000002957 /* ASIHTTPRequestDelegate.h */ = {isa = PBXFileReference; fileEncoding = 4; lastKnownFileType = sourcecode.c.h; name = ASIHTTPRequestDelegate.h; path = ../../Classes/ASIHTTPRequestDelegate.h; sourceTree = "<group>"; };
		3218F8C7141A084000002957 /* ASIProgressDelegate.h */ = {isa = PBXFileReference; fileEncoding = 4; lastKnownFileType = sourcecode.c.h; name = ASIProgressDelegate.h; path = ../../Classes/ASIProgressDelegate.h; sourceTree = "<group>"; };
		3218F8C8141A084000002957 /* ASIAuthenticationDialog.h */ = {isa = PBXFileReference; fileEncoding = 4; lastKnownFileType = sourcecode.c.h; name = ASIAuthenticationDialog.h; path = ../../Classes/ASIAuthenticationDialog.h; sourceTree = "<group>"; };
		3218F8C9141A084000002957 /* ASIAuthenticationDialog.m */ = {isa = PBXFileReference; fileEncoding = 4; lastKnownFileType = sourcecode.c.objc; name = ASIAuthenticationDialog.m; path = ../../Classes/ASIAuthenticationDialog.m; sourceTree = "<group>"; };
		3218F8CA141A084000002957 /* ASIInputStream.h */ = {isa = PBXFileReference; fileEncoding = 4; lastKnownFileType = sourcecode.c.h; name = ASIInputStream.h; path = ../../Classes/ASIInputStream.h; sourceTree = "<group>"; };
		3218F8CB141A084000002957 /* ASIInputStream.m */ = {isa = PBXFileReference; fileEncoding = 4; lastKnownFileType = sourcecode.c.objc; name = ASIInputStream.m; path = ../../Classes/ASIInputStream.m; sourceTree = "<group>"; };
		3218F8CC141A084000002957 /* ASIFormDataRequest.h */ = {isa = PBXFileReference; fileEncoding = 4; lastKnownFileType = sourcecode.c.h; name = ASIFormDataRequest.h; path = ../../Classes/ASIFormDataRequest.h; sourceTree = "<group>"; };
		3218F8CD141A084000002957 /* ASIFormDataRequest.m */ = {isa = PBXFileReference; fileEncoding = 4; lastKnownFileType = sourcecode.c.objc; name = ASIFormDataRequest.m; path = ../../Classes/ASIFormDataRequest.m; sourceTree = "<group>"; };
		3218F8CE141A084000002957 /* ASIHTTPRequest.h */ = {isa = PBXFileReference; fileEncoding = 4; lastKnownFileType = sourcecode.c.h; name = ASIHTTPRequest.h; path = ../../Classes/ASIHTTPRequest.h; sourceTree = "<group>"; };
		3218F8CF141A084000002957 /* ASIHTTPRequest.m */ = {isa = PBXFileReference; fileEncoding = 4; lastKnownFileType = sourcecode.c.objc; name = ASIHTTPRequest.m; path = ../../Classes/ASIHTTPRequest.m; sourceTree = "<group>"; };
		3218F8D0141A084000002957 /* ASINetworkQueue.h */ = {isa = PBXFileReference; fileEncoding = 4; lastKnownFileType = sourcecode.c.h; name = ASINetworkQueue.h; path = ../../Classes/ASINetworkQueue.h; sourceTree = "<group>"; };
		3218F8D1141A084000002957 /* ASINetworkQueue.m */ = {isa = PBXFileReference; fileEncoding = 4; lastKnownFileType = sourcecode.c.objc; name = ASINetworkQueue.m; path = ../../Classes/ASINetworkQueue.m; sourceTree = "<group>"; };
		3218F8D2141A084000002957 /* ASIDownloadCache.h */ = {isa = PBXFileReference; fileEncoding = 4; lastKnownFileType = sourcecode.c.h; name = ASIDownloadCache.h; path = ../../Classes/ASIDownloadCache.h; sourceTree = "<group>"; };
		3218F8D3141A084000002957 /* ASIDownloadCache.m */ = {isa = PBXFileReference; fileEncoding = 4; lastKnownFileType = sourcecode.c.objc; name = ASIDownloadCache.m; path = ../../Classes/ASIDownloadCache.m; sourceTree = "<group>"; };
		3218F8D4141A084000002957 /* ASIDataDecompressor.h */ = {isa = PBXFileReference; fileEncoding = 4; lastKnownFileType = sourcecode.c.h; name = ASIDataDecompressor.h; path = ../../Classes/ASIDataDecompressor.h; sourceTree = "<group>"; };
		3218F8D5141A084000002957 /* ASIDataDecompressor.m */ = {isa = PBXFileReference; fileEncoding = 4; lastKnownFileType = sourcecode.c.objc; name = ASIDataDecompressor.m; path = ../../Classes/ASIDataDecompressor.m; sourceTree = "<group>"; };
		3218F8D6141A084000002957 /* ASIDataCompressor.h */ = {isa = PBXFileReference; fileEncoding = 4; lastKnownFileType = sourcecode.c.h; name = ASIDataCompressor.h; path = ../../Classes/ASIDataCompressor.h; sourceTree = "<group>"; };
		3218F8D7141A084000002957 /* ASIDataCompressor.m */ = {isa = PBXFileReference; fileEncoding = 4; lastKnownFileType = sourcecode.c.objc; name = ASIDataCompressor.m; path = ../../Classes/ASIDataCompressor.m; sourceTree = "<group>"; };
		3218F8ED141A087D00002957 /* Reachability.h */ = {isa = PBXFileReference; fileEncoding = 4; lastKnownFileType = sourcecode.c.h; name = Reachability.h; path = ../../External/Reachability/Reachability.h; sourceTree = "<group>"; };
		3218F8EE141A087D00002957 /* Reachability.m */ = {isa = PBXFileReference; fileEncoding = 4; lastKnownFileType = sourcecode.c.objc; name = Reachability.m; path = ../../External/Reachability/Reachability.m; sourceTree = "<group>"; };
		32939C11141A0711004792C8 /* Foundation.framework */ = {isa = PBXFileReference; lastKnownFileType = wrapper.framework; name = Foundation.framework; path = System/Library/Frameworks/Foundation.framework; sourceTree = SDKROOT; };
		32939C15141A0711004792C8 /* AsiHttpRequestIOS-Info.plist */ = {isa = PBXFileReference; lastKnownFileType = text.plist.xml; path = "AsiHttpRequestIOS-Info.plist"; sourceTree = "<group>"; };
		32939C17141A0711004792C8 /* en */ = {isa = PBXFileReference; lastKnownFileType = text.plist.strings; name = en; path = en.lproj/InfoPlist.strings; sourceTree = "<group>"; };
		32939C19141A0711004792C8 /* AsiHttpRequestIOS-Prefix.pch */ = {isa = PBXFileReference; lastKnownFileType = sourcecode.c.h; path = "AsiHttpRequestIOS-Prefix.pch"; sourceTree = "<group>"; };
/* End PBXFileReference section */

/* Begin PBXFrameworksBuildPhase section */
		32939C0B141A0710004792C8 /* Frameworks */ = {
			isa = PBXFrameworksBuildPhase;
			buildActionMask = 2147483647;
			files = (
				32939C12141A0711004792C8 /* Foundation.framework in Frameworks */,
			);
			runOnlyForDeploymentPostprocessing = 0;
		};
/* End PBXFrameworksBuildPhase section */

/* Begin PBXGroup section */
		3218F8EC141A086B00002957 /* Reachability */ = {
			isa = PBXGroup;
			children = (
				3218F8ED141A087D00002957 /* Reachability.h */,
				3218F8EE141A087D00002957 /* Reachability.m */,
			);
			name = Reachability;
			sourceTree = "<group>";
		};
		32939C02141A070F004792C8 = {
			isa = PBXGroup;
			children = (
				32939C13141A0711004792C8 /* AsiHttpRequestIOS */,
				32939C10141A0711004792C8 /* Frameworks */,
			);
			sourceTree = "<group>";
		};
		32939C10141A0711004792C8 /* Frameworks */ = {
			isa = PBXGroup;
			children = (
				32939C11141A0711004792C8 /* Foundation.framework */,
			);
			name = Frameworks;
			sourceTree = "<group>";
		};
		32939C13141A0711004792C8 /* AsiHttpRequestIOS */ = {
			isa = PBXGroup;
			children = (
				3218F8EC141A086B00002957 /* Reachability */,
				3218F8C4141A084000002957 /* ASIHTTPRequestConfig.h */,
				3218F8C5141A084000002957 /* ASICacheDelegate.h */,
				3218F8C6141A084000002957 /* ASIHTTPRequestDelegate.h */,
				3218F8C7141A084000002957 /* ASIProgressDelegate.h */,
				3218F8C8141A084000002957 /* ASIAuthenticationDialog.h */,
				3218F8C9141A084000002957 /* ASIAuthenticationDialog.m */,
				3218F8CA141A084000002957 /* ASIInputStream.h */,
				3218F8CB141A084000002957 /* ASIInputStream.m */,
				3218F8CC141A084000002957 /* ASIFormDataRequest.h */,
				3218F8CD141A084000002957 /* ASIFormDataRequest.m */,
				3218F8CE141A084000002957 /* ASIHTTPRequest.h */,
				3218F8CF141A084000002957 /* ASIHTTPRequest.m */,
				3218F8D0141A084000002957 /* ASINetworkQueue.h */,
				3218F8D1141A084000002957 /* ASINetworkQueue.m */,
				3218F8D2141A084000002957 /* ASIDownloadCache.h */,
				3218F8D3141A084000002957 /* ASIDownloadCache.m */,
				3218F8D4141A084000002957 /* ASIDataDecompressor.h */,
				3218F8D5141A084000002957 /* ASIDataDecompressor.m */,
				3218F8D6141A084000002957 /* ASIDataCompressor.h */,
				3218F8D7141A084000002957 /* ASIDataCompressor.m */,
				32939C14141A0711004792C8 /* Supporting Files */,
			);
			path = AsiHttpRequestIOS;
			sourceTree = "<group>";
		};
		32939C14141A0711004792C8 /* Supporting Files */ = {
			isa = PBXGroup;
			children = (
				32939C15141A0711004792C8 /* AsiHttpRequestIOS-Info.plist */,
				32939C16141A0711004792C8 /* InfoPlist.strings */,
				32939C19141A0711004792C8 /* AsiHttpRequestIOS-Prefix.pch */,
			);
			name = "Supporting Files";
			sourceTree = "<group>";
		};
/* End PBXGroup section */

/* Begin PBXHeadersBuildPhase section */
		32939C0C141A0710004792C8 /* Headers */ = {
			isa = PBXHeadersBuildPhase;
			buildActionMask = 2147483647;
			files = (
				3218F8D8141A084000002957 /* ASIHTTPRequestConfig.h in Headers */,
				3218F8D9141A084000002957 /* ASICacheDelegate.h in Headers */,
				3218F8DA141A084000002957 /* ASIHTTPRequestDelegate.h in Headers */,
				3218F8DB141A084000002957 /* ASIProgressDelegate.h in Headers */,
				3218F8DC141A084000002957 /* ASIAuthenticationDialog.h in Headers */,
				3218F8DE141A084000002957 /* ASIInputStream.h in Headers */,
				3218F8E0141A084000002957 /* ASIFormDataRequest.h in Headers */,
				3218F8E2141A084000002957 /* ASIHTTPRequest.h in Headers */,
				3218F8E4141A084000002957 /* ASINetworkQueue.h in Headers */,
				3218F8E6141A084000002957 /* ASIDownloadCache.h in Headers */,
				3218F8E8141A084000002957 /* ASIDataDecompressor.h in Headers */,
				3218F8EA141A084000002957 /* ASIDataCompressor.h in Headers */,
				3218F8EF141A087D00002957 /* Reachability.h in Headers */,
			);
			runOnlyForDeploymentPostprocessing = 0;
		};
/* End PBXHeadersBuildPhase section */

/* Begin PBXNativeTarget section */
		32939C0F141A0710004792C8 /* AsiHttpRequestIOS */ = {
			isa = PBXNativeTarget;
			buildConfigurationList = 32939C1C141A0711004792C8 /* Build configuration list for PBXNativeTarget "AsiHttpRequestIOS" */;
			buildPhases = (
				32939C09141A0710004792C8 /* ShellScript */,
				32939C0A141A0710004792C8 /* Sources */,
				32939C0B141A0710004792C8 /* Frameworks */,
				32939C0C141A0710004792C8 /* Headers */,
				32939C0D141A0710004792C8 /* Resources */,
				32939C0E141A0710004792C8 /* ShellScript */,
			);
			buildRules = (
			);
			dependencies = (
			);
			name = AsiHttpRequestIOS;
			productName = AsiHttpRequestIOS;
			productType = "com.apple.product-type.framework.static";
		};
/* End PBXNativeTarget section */

/* Begin PBXProject section */
		32939C04141A070F004792C8 /* Project object */ = {
			isa = PBXProject;
			attributes = {
				LastUpgradeCheck = 0420;
			};
			buildConfigurationList = 32939C07141A070F004792C8 /* Build configuration list for PBXProject "AsiHttpRequestIOS" */;
			compatibilityVersion = "Xcode 3.2";
			developmentRegion = English;
			hasScannedForEncodings = 0;
			knownRegions = (
				en,
			);
			mainGroup = 32939C02141A070F004792C8;
			projectDirPath = "";
			projectRoot = "";
			targets = (
				32939C0F141A0710004792C8 /* AsiHttpRequestIOS */,
			);
		};
/* End PBXProject section */

/* Begin PBXResourcesBuildPhase section */
		32939C0D141A0710004792C8 /* Resources */ = {
			isa = PBXResourcesBuildPhase;
			buildActionMask = 2147483647;
			files = (
				32939C18141A0711004792C8 /* InfoPlist.strings in Resources */,
			);
			runOnlyForDeploymentPostprocessing = 0;
		};
/* End PBXResourcesBuildPhase section */

/* Begin PBXShellScriptBuildPhase section */
		32939C09141A0710004792C8 /* ShellScript */ = {
			isa = PBXShellScriptBuildPhase;
			buildActionMask = 2147483647;
			files = (
			);
			inputPaths = (
			);
			outputPaths = (
			);
			runOnlyForDeploymentPostprocessing = 0;
			shellPath = /bin/sh;
			shellScript = "set -e\n\nset +u\nif [[ $UFW_MASTER_SCRIPT_RUNNING ]]\nthen\n    # Nothing for the slave script to do\n    exit 0\nfi\nset -u\n\nif [[ \"$SDK_NAME\" =~ ([A-Za-z]+) ]]\nthen\n    UFW_SDK_PLATFORM=${BASH_REMATCH[1]}\nelse\n    echo \"Could not find platform name from SDK_NAME: $SDK_NAME\"\n    exit 1\nfi\n\nif [[ \"$SDK_NAME\" =~ ([0-9]+.*$) ]]\nthen\n\tUFW_SDK_VERSION=${BASH_REMATCH[1]}\nelse\n    echo \"Could not find sdk version  from SDK_NAME: $SDK_NAME\"\n    exit 1\nfi\n\nif [[ \"$UFW_SDK_PLATFORM\" = \"iphoneos\" ]]\nthen\n    UFW_OTHER_PLATFORM=iphonesimulator\nelse\n    UFW_OTHER_PLATFORM=iphoneos\nfi\n\nif [[ \"$BUILT_PRODUCTS_DIR\" =~ (.*)$UFW_SDK_PLATFORM$ ]]\nthen\n    UFW_OTHER_BUILT_PRODUCTS_DIR=\"${BASH_REMATCH[1]}${UFW_OTHER_PLATFORM}\"\nelse\n    echo \"Could not find $UFW_SDK_PLATFORM in $BUILT_PRODUCTS_DIR\"\n    exit 1\nfi\n\n\n# Short-circuit if all binaries are up to date\n\nif [[ -f \"${BUILT_PRODUCTS_DIR}/${EXECUTABLE_PATH}\" ]] && \\\n   [[ -f \"${BUILT_PRODUCTS_DIR}/${PRODUCT_NAME}.embeddedframework/${EXECUTABLE_PATH}\" ]] && \\\n   [[ ! \"${BUILT_PRODUCTS_DIR}/${EXECUTABLE_PATH}\" -nt \"${BUILT_PRODUCTS_DIR}/${PRODUCT_NAME}.embeddedframework/${EXECUTABLE_PATH}\" ]]\n   [[ -f \"${UFW_OTHER_BUILT_PRODUCTS_DIR}/${EXECUTABLE_PATH}\" ]] && \\\n   [[ -f \"${UFW_OTHER_BUILT_PRODUCTS_DIR}/${PRODUCT_NAME}.embeddedframework/${EXECUTABLE_PATH}\" ]] && \\\n   [[ ! \"${UFW_OTHER_BUILT_PRODUCTS_DIR}/${EXECUTABLE_PATH}\" -nt \"${UFW_OTHER_BUILT_PRODUCTS_DIR}/${PRODUCT_NAME}.embeddedframework/${EXECUTABLE_PATH}\" ]]\nthen\n    exit 0\nfi\n\n\n# Clean other platform if needed\n\nif [[ ! -f \"${BUILT_PRODUCTS_DIR}/${EXECUTABLE_PATH}\" ]]\nthen\n\techo \"Platform \\\"$UFW_SDK_PLATFORM\\\" was cleaned recently. Cleaning \\\"$UFW_OTHER_PLATFORM\\\" as well\"\n\techo xcodebuild -project \"${PROJECT_FILE_PATH}\" -target \"${TARGET_NAME}\" -configuration \"${CONFIGURATION}\" -sdk ${UFW_OTHER_PLATFORM}${UFW_SDK_VERSION} BUILD_DIR=\"${BUILD_DIR}\" CONFIGURATION_TEMP_DIR=\"${PROJECT_TEMP_DIR}/${CONFIGURATION}-${UFW_OTHER_PLATFORM}\" clean\n\txcodebuild -project \"${PROJECT_FILE_PATH}\" -target \"${TARGET_NAME}\" -configuration \"${CONFIGURATION}\" -sdk ${UFW_OTHER_PLATFORM}${UFW_SDK_VERSION} BUILD_DIR=\"${BUILD_DIR}\" CONFIGURATION_TEMP_DIR=\"${PROJECT_TEMP_DIR}/${CONFIGURATION}-${UFW_OTHER_PLATFORM}\" clean\nfi\n\n\n# Make sure we are building from fresh binaries\n\nrm -rf \"${BUILT_PRODUCTS_DIR}/${EXECUTABLE_PATH}\"\nrm -rf \"${BUILT_PRODUCTS_DIR}/${PRODUCT_NAME}.embeddedframework\"\nrm -rf \"${UFW_OTHER_BUILT_PRODUCTS_DIR}/${EXECUTABLE_PATH}\"\nrm -rf \"${UFW_OTHER_BUILT_PRODUCTS_DIR}/${PRODUCT_NAME}.embeddedframework\"\n";
		};
		32939C0E141A0710004792C8 /* ShellScript */ = {
			isa = PBXShellScriptBuildPhase;
			buildActionMask = 2147483647;
			files = (
			);
			inputPaths = (
			);
			outputPaths = (
			);
			runOnlyForDeploymentPostprocessing = 0;
			shellPath = /bin/sh;
			shellScript = "set -e\n\nset +u\nif [[ $UFW_MASTER_SCRIPT_RUNNING ]]\nthen\n    # Nothing for the slave script to do\n    exit 0\nfi\nset -u\nexport UFW_MASTER_SCRIPT_RUNNING=1\n\n\n# Functions\n\n## List files in the specified directory, storing to the specified array.\n#\n# @param $1 The path to list\n# @param $2 The name of the array to fill\n#\n##\nlist_files ()\n{\n    filelist=$(ls \"$1\")\n    while read line\n    do\n        eval \"$2[\\${#$2[*]}]=\\\"\\$line\\\"\"\n    done <<< \"$filelist\"\n}\n\n\n# Sanity check\n\nif [[ ! -f \"${BUILT_PRODUCTS_DIR}/${EXECUTABLE_PATH}\" ]]\nthen\n    echo \"Framework target \\\"${TARGET_NAME}\\\" had no source files to build from. Make sure your source files have the correct target membership\"\n    exit 1\nfi\n\n\n# Gather information\n\nif [[ \"$SDK_NAME\" =~ ([A-Za-z]+) ]]\nthen\n    UFW_SDK_PLATFORM=${BASH_REMATCH[1]}\nelse\n    echo \"Could not find platform name from SDK_NAME: $SDK_NAME\"\n    exit 1\nfi\n\nif [[ \"$SDK_NAME\" =~ ([0-9]+.*$) ]]\nthen\n    UFW_SDK_VERSION=${BASH_REMATCH[1]}\nelse\n    echo \"Could not find sdk version from SDK_NAME: $SDK_NAME\"\n    exit 1\nfi\n\nif [[ \"$UFW_SDK_PLATFORM\" = \"iphoneos\" ]]\nthen\n    UFW_OTHER_PLATFORM=iphonesimulator\nelse\n    UFW_OTHER_PLATFORM=iphoneos\nfi\n\nif [[ \"$BUILT_PRODUCTS_DIR\" =~ (.*)$UFW_SDK_PLATFORM$ ]]\nthen\n    UFW_OTHER_BUILT_PRODUCTS_DIR=\"${BASH_REMATCH[1]}${UFW_OTHER_PLATFORM}\"\nelse\n    echo \"Could not find $UFW_SDK_PLATFORM in $BUILT_PRODUCTS_DIR\"\n    exit 1\nfi\n\n\n# Short-circuit if all binaries are up to date.\n# We already checked the other platform in the prerun script.\n\nif [[ -f \"${BUILT_PRODUCTS_DIR}/${EXECUTABLE_PATH}\" ]] && [[ -f \"${BUILT_PRODUCTS_DIR}/${PRODUCT_NAME}.embeddedframework/${EXECUTABLE_PATH}\" ]] && [[ ! \"${BUILT_PRODUCTS_DIR}/${EXECUTABLE_PATH}\" -nt \"${BUILT_PRODUCTS_DIR}/${PRODUCT_NAME}.embeddedframework/${EXECUTABLE_PATH}\" ]]\nthen\n    exit 0\nfi\n\n\n# Make sure the other platform gets built\n\necho \"Build other platform\"\n\necho xcodebuild -project \"${PROJECT_FILE_PATH}\" -target \"${TARGET_NAME}\" -configuration \"${CONFIGURATION}\" -sdk ${UFW_OTHER_PLATFORM}${UFW_SDK_VERSION} BUILD_DIR=\"${BUILD_DIR}\" CONFIGURATION_TEMP_DIR=\"${PROJECT_TEMP_DIR}/${CONFIGURATION}-${UFW_OTHER_PLATFORM}\" $ACTION\nxcodebuild -project \"${PROJECT_FILE_PATH}\" -target \"${TARGET_NAME}\" -configuration \"${CONFIGURATION}\" -sdk ${UFW_OTHER_PLATFORM}${UFW_SDK_VERSION} BUILD_DIR=\"${BUILD_DIR}\" CONFIGURATION_TEMP_DIR=\"${PROJECT_TEMP_DIR}/${CONFIGURATION}-${UFW_OTHER_PLATFORM}\" $ACTION\n\n\n# Build the fat static library binary\n\necho \"Create universal static library\"\n\necho \"$PLATFORM_DEVELOPER_BIN_DIR/libtool\" -static \"${BUILT_PRODUCTS_DIR}/${EXECUTABLE_PATH}\" \"${UFW_OTHER_BUILT_PRODUCTS_DIR}/${EXECUTABLE_PATH}\" -o \"${BUILT_PRODUCTS_DIR}/${EXECUTABLE_PATH}.temp\"\n\"$PLATFORM_DEVELOPER_BIN_DIR/libtool\" -static \"${BUILT_PRODUCTS_DIR}/${EXECUTABLE_PATH}\" \"${UFW_OTHER_BUILT_PRODUCTS_DIR}/${EXECUTABLE_PATH}\" -o \"${BUILT_PRODUCTS_DIR}/${EXECUTABLE_PATH}.temp\"\n\necho mv \"${BUILT_PRODUCTS_DIR}/${EXECUTABLE_PATH}.temp\" \"${BUILT_PRODUCTS_DIR}/${EXECUTABLE_PATH}\"\nmv \"${BUILT_PRODUCTS_DIR}/${EXECUTABLE_PATH}.temp\" \"${BUILT_PRODUCTS_DIR}/${EXECUTABLE_PATH}\"\n\n\n# Build embedded framework structure\n\necho \"Build Embedded Framework\"\n\necho rm -rf \"${BUILT_PRODUCTS_DIR}/${PRODUCT_NAME}.embeddedframework\"\nrm -rf \"${BUILT_PRODUCTS_DIR}/${PRODUCT_NAME}.embeddedframework\"\necho mkdir -p \"${BUILT_PRODUCTS_DIR}/${PRODUCT_NAME}.embeddedframework/Resources\"\nmkdir -p \"${BUILT_PRODUCTS_DIR}/${PRODUCT_NAME}.embeddedframework/Resources\"\necho cp -a \"${BUILT_PRODUCTS_DIR}/${WRAPPER_NAME}\" \"${BUILT_PRODUCTS_DIR}/${PRODUCT_NAME}.embeddedframework/\"\ncp -a \"${BUILT_PRODUCTS_DIR}/${WRAPPER_NAME}\" \"${BUILT_PRODUCTS_DIR}/${PRODUCT_NAME}.embeddedframework/\"\n\ndeclare -a UFW_FILE_LIST\nlist_files \"${BUILT_PRODUCTS_DIR}/${UNLOCALIZED_RESOURCES_FOLDER_PATH}\" UFW_FILE_LIST\nfor filename in \"${UFW_FILE_LIST[@]}\"\ndo\n    if [[ \"${filename}\" != \"Info.plist\" ]] && [[ ! \"${filename}\" =~ .*\\.lproj$ ]]\n    then\n        echo ln -sf \"../${WRAPPER_NAME}/Resources/${filename}\" \"${BUILT_PRODUCTS_DIR}/${PRODUCT_NAME}.embeddedframework/Resources/${filename}\"\n        ln -sf \"../${WRAPPER_NAME}/Resources/${filename}\" \"${BUILT_PRODUCTS_DIR}/${PRODUCT_NAME}.embeddedframework/Resources/${filename}\"\n    fi\ndone\n\n\n# Replace other platform's framework with a copy of this one (so that both have the same universal binary)\n\necho \"Copy from $UFW_SDK_PLATFORM to $UFW_OTHER_PLATFORM\"\n\necho rm -rf \"${BUILD_DIR}/${CONFIGURATION}-${UFW_OTHER_PLATFORM}\"\nrm -rf \"${BUILD_DIR}/${CONFIGURATION}-${UFW_OTHER_PLATFORM}\"\necho cp -a \"${BUILD_DIR}/${CONFIGURATION}-${UFW_SDK_PLATFORM}\" \"${BUILD_DIR}/${CONFIGURATION}-${UFW_OTHER_PLATFORM}\"\ncp -a \"${BUILD_DIR}/${CONFIGURATION}-${UFW_SDK_PLATFORM}\" \"${BUILD_DIR}/${CONFIGURATION}-${UFW_OTHER_PLATFORM}\"\n";
		};
/* End PBXShellScriptBuildPhase section */

/* Begin PBXSourcesBuildPhase section */
		32939C0A141A0710004792C8 /* Sources */ = {
			isa = PBXSourcesBuildPhase;
			buildActionMask = 2147483647;
			files = (
				3218F8DD141A084000002957 /* ASIAuthenticationDialog.m in Sources */,
				3218F8DF141A084000002957 /* ASIInputStream.m in Sources */,
				3218F8E1141A084000002957 /* ASIFormDataRequest.m in Sources */,
				3218F8E3141A084000002957 /* ASIHTTPRequest.m in Sources */,
				3218F8E5141A084000002957 /* ASINetworkQueue.m in Sources */,
				3218F8E7141A084000002957 /* ASIDownloadCache.m in Sources */,
				3218F8E9141A084000002957 /* ASIDataDecompressor.m in Sources */,
				3218F8EB141A084000002957 /* ASIDataCompressor.m in Sources */,
				3218F8F0141A087D00002957 /* Reachability.m in Sources */,
			);
			runOnlyForDeploymentPostprocessing = 0;
		};
/* End PBXSourcesBuildPhase section */

/* Begin PBXVariantGroup section */
		32939C16141A0711004792C8 /* InfoPlist.strings */ = {
			isa = PBXVariantGroup;
			children = (
				32939C17141A0711004792C8 /* en */,
			);
			name = InfoPlist.strings;
			sourceTree = "<group>";
		};
/* End PBXVariantGroup section */

/* Begin XCBuildConfiguration section */
		32939C1A141A0711004792C8 /* Debug */ = {
			isa = XCBuildConfiguration;
			buildSettings = {
				ALWAYS_SEARCH_USER_PATHS = NO;
				ARCHS = "$(ARCHS_STANDARD_32_BIT)";
				COPY_PHASE_STRIP = NO;
				GCC_C_LANGUAGE_STANDARD = gnu99;
				GCC_DYNAMIC_NO_PIC = NO;
				GCC_OPTIMIZATION_LEVEL = 0;
				GCC_PREPROCESSOR_DEFINITIONS = (
					"DEBUG=1",
					"$(inherited)",
				);
				GCC_SYMBOLS_PRIVATE_EXTERN = NO;
				GCC_VERSION = com.apple.compilers.llvm.clang.1_0;
				GCC_WARN_ABOUT_MISSING_PROTOTYPES = YES;
				GCC_WARN_ABOUT_RETURN_TYPE = YES;
				GCC_WARN_UNUSED_VARIABLE = YES;
				IPHONEOS_DEPLOYMENT_TARGET = 5.0;
				SDKROOT = iphoneos;
			};
			name = Debug;
		};
		32939C1B141A0711004792C8 /* Release */ = {
			isa = XCBuildConfiguration;
			buildSettings = {
				ALWAYS_SEARCH_USER_PATHS = NO;
				ARCHS = "$(ARCHS_STANDARD_32_BIT)";
				COPY_PHASE_STRIP = YES;
				GCC_C_LANGUAGE_STANDARD = gnu99;
				GCC_VERSION = com.apple.compilers.llvm.clang.1_0;
				GCC_WARN_ABOUT_MISSING_PROTOTYPES = YES;
				GCC_WARN_ABOUT_RETURN_TYPE = YES;
				GCC_WARN_UNUSED_VARIABLE = YES;
				IPHONEOS_DEPLOYMENT_TARGET = 5.0;
				SDKROOT = iphoneos;
				VALIDATE_PRODUCT = YES;
			};
			name = Release;
		};
		32939C1D141A0711004792C8 /* Debug */ = {
			isa = XCBuildConfiguration;
			buildSettings = {
				DYLIB_COMPATIBILITY_VERSION = 1;
				DYLIB_CURRENT_VERSION = 1;
				FRAMEWORK_VERSION = A;
				GCC_PRECOMPILE_PREFIX_HEADER = YES;
				GCC_PREFIX_HEADER = "AsiHttpRequestIOS/AsiHttpRequestIOS-Prefix.pch";
				INFOPLIST_FILE = "AsiHttpRequestIOS/AsiHttpRequestIOS-Info.plist";
				IPHONEOS_DEPLOYMENT_TARGET = 4.3;
				PRODUCT_NAME = "$(TARGET_NAME)";
				SKIP_INSTALL = YES;
				WRAPPER_EXTENSION = framework;
			};
			name = Debug;
		};
		32939C1E141A0711004792C8 /* Release */ = {
			isa = XCBuildConfiguration;
			buildSettings = {
				DYLIB_COMPATIBILITY_VERSION = 1;
				DYLIB_CURRENT_VERSION = 1;
				FRAMEWORK_VERSION = A;
				GCC_PRECOMPILE_PREFIX_HEADER = YES;
				GCC_PREFIX_HEADER = "AsiHttpRequestIOS/AsiHttpRequestIOS-Prefix.pch";
				INFOPLIST_FILE = "AsiHttpRequestIOS/AsiHttpRequestIOS-Info.plist";
				IPHONEOS_DEPLOYMENT_TARGET = 4.3;
				PRODUCT_NAME = "$(TARGET_NAME)";
				SKIP_INSTALL = YES;
				WRAPPER_EXTENSION = framework;
			};
			name = Release;
		};
/* End XCBuildConfiguration section */

/* Begin XCConfigurationList section */
		32939C07141A070F004792C8 /* Build configuration list for PBXProject "AsiHttpRequestIOS" */ = {
			isa = XCConfigurationList;
			buildConfigurations = (
				32939C1A141A0711004792C8 /* Debug */,
				32939C1B141A0711004792C8 /* Release */,
			);
			defaultConfigurationIsVisible = 0;
			defaultConfigurationName = Release;
		};
		32939C1C141A0711004792C8 /* Build configuration list for PBXNativeTarget "AsiHttpRequestIOS" */ = {
			isa = XCConfigurationList;
			buildConfigurations = (
				32939C1D141A0711004792C8 /* Debug */,
				32939C1E141A0711004792C8 /* Release */,
			);
			defaultConfigurationIsVisible = 0;
			defaultConfigurationName = Release;
		};
/* End XCConfigurationList section */
	};
	rootObject = 32939C04141A070F004792C8 /* Project object */;
}
